// !$*UTF8*$!
{
	archiveVersion = 1;
	classes = {
	};
	objectVersion = 46;
	objects = {

/* Begin PBXBuildFile section */
		2D5B516222171A3A008EC797 /* SplashScreenViewController.m in Sources */ = {isa = PBXBuildFile; fileRef = 2D5B516122171A3A008EC797 /* SplashScreenViewController.m */; };
		2DEF63A021E4E6B200E8243C /* main.m in Sources */ = {isa = PBXBuildFile; fileRef = 2DEF639F21E4E6B200E8243C /* main.m */; };
		2DEF63A321E4E6B200E8243C /* AppDelegate.m in Sources */ = {isa = PBXBuildFile; fileRef = 2DEF63A221E4E6B200E8243C /* AppDelegate.m */; };
		2DEF63A621E4E6B200E8243C /* ViewController.m in Sources */ = {isa = PBXBuildFile; fileRef = 2DEF63A521E4E6B200E8243C /* ViewController.m */; };
		2DEF63A921E4E6B200E8243C /* Main.storyboard in Resources */ = {isa = PBXBuildFile; fileRef = 2DEF63A721E4E6B200E8243C /* Main.storyboard */; };
		2DEF63AC21E4E6B200E8243C /* peoj.xcdatamodeld in Sources */ = {isa = PBXBuildFile; fileRef = 2DEF63AA21E4E6B200E8243C /* peoj.xcdatamodeld */; };
		2DEF63AE21E4E6B200E8243C /* Assets.xcassets in Resources */ = {isa = PBXBuildFile; fileRef = 2DEF63AD21E4E6B200E8243C /* Assets.xcassets */; };
		2DEF63B121E4E6B200E8243C /* LaunchScreen.storyboard in Resources */ = {isa = PBXBuildFile; fileRef = 2DEF63AF21E4E6B200E8243C /* LaunchScreen.storyboard */; };
		2DEF63BC21E4E6B200E8243C /* peojTests.m in Sources */ = {isa = PBXBuildFile; fileRef = 2DEF63BB21E4E6B200E8243C /* peojTests.m */; };
		2DEF63C721E4E6B200E8243C /* peojUITests.m in Sources */ = {isa = PBXBuildFile; fileRef = 2DEF63C621E4E6B200E8243C /* peojUITests.m */; };
		3F01CAC82270527000FF6012 /* User.m in Sources */ = {isa = PBXBuildFile; fileRef = 3F01CAC72270527000FF6012 /* User.m */; };
		3F05A30722817E7A0098E80D /* NavigationBar.m in Sources */ = {isa = PBXBuildFile; fileRef = 3F05A30622817E7A0098E80D /* NavigationBar.m */; };
		3F05A30922817E8A0098E80D /* View.xib in Resources */ = {isa = PBXBuildFile; fileRef = 3F05A30822817E8A0098E80D /* View.xib */; };
		3F05A30E2281956B0098E80D /* BaseViewController.m in Sources */ = {isa = PBXBuildFile; fileRef = 3F05A30D2281956B0098E80D /* BaseViewController.m */; };
		3F626BF02271DECF00A1B9C1 /* UserManager.m in Sources */ = {isa = PBXBuildFile; fileRef = 3F626BEF2271DECF00A1B9C1 /* UserManager.m */; };
		3F64E89B2269F86100A89DF4 /* Drugi.m in Sources */ = {isa = PBXBuildFile; fileRef = 3F64E89A2269F86100A89DF4 /* Drugi.m */; };
		3F68AFA4227835B3006A93F3 /* GetRegistred.m in Sources */ = {isa = PBXBuildFile; fileRef = 3F68AFA3227835B3006A93F3 /* GetRegistred.m */; };
		3F6C8C32226F177200C5239C /* CommentTableViewCell.m in Sources */ = {isa = PBXBuildFile; fileRef = 3F6C8C30226F177200C5239C /* CommentTableViewCell.m */; };
		3F6C8C33226F177200C5239C /* CommentTableViewCell.xib in Resources */ = {isa = PBXBuildFile; fileRef = 3F6C8C31226F177200C5239C /* CommentTableViewCell.xib */; };
		3FA43CD82271ACF100107E87 /* NewsManager.m in Sources */ = {isa = PBXBuildFile; fileRef = 3FA43CD72271ACF100107E87 /* NewsManager.m */; };
		3FBB4283226DAA58000D4791 /* Cetvrti.m in Sources */ = {isa = PBXBuildFile; fileRef = 3FBB4282226DAA58000D4791 /* Cetvrti.m */; };
		3FE090AB2282DBE400F3B0D7 /* PRAZANViewController.m in Sources */ = {isa = PBXBuildFile; fileRef = 3FE090AA2282DBE400F3B0D7 /* PRAZANViewController.m */; };
		3FECC9D42267307F003921DF /* TreciViewController.m in Sources */ = {isa = PBXBuildFile; fileRef = 3FECC9D32267307F003921DF /* TreciViewController.m */; };
		3FFD5E5D226893F4004AC002 /* Comments.m in Sources */ = {isa = PBXBuildFile; fileRef = 3FFD5E5C226893F4004AC002 /* Comments.m */; };
		919BF6099B1BB7EF8A1EE1F5 /* libPods-peoj.a in Frameworks */ = {isa = PBXBuildFile; fileRef = 4845DCEB45F824BC6D586AED /* libPods-peoj.a */; };
/* End PBXBuildFile section */

/* Begin PBXContainerItemProxy section */
		2DEF63B821E4E6B200E8243C /* PBXContainerItemProxy */ = {
			isa = PBXContainerItemProxy;
			containerPortal = 2DEF639321E4E6B200E8243C /* Project object */;
			proxyType = 1;
			remoteGlobalIDString = 2DEF639A21E4E6B200E8243C;
			remoteInfo = peoj;
		};
		2DEF63C321E4E6B200E8243C /* PBXContainerItemProxy */ = {
			isa = PBXContainerItemProxy;
			containerPortal = 2DEF639321E4E6B200E8243C /* Project object */;
			proxyType = 1;
			remoteGlobalIDString = 2DEF639A21E4E6B200E8243C;
			remoteInfo = peoj;
		};
/* End PBXContainerItemProxy section */

/* Begin PBXFileReference section */
		12F4035E1757D72A344EA091 /* libPods-peojTests.a */ = {isa = PBXFileReference; explicitFileType = archive.ar; includeInIndex = 0; path = "libPods-peojTests.a"; sourceTree = BUILT_PRODUCTS_DIR; };
		1B10E3EDE876F06BF8D7D648 /* libPods-peojUITests.a */ = {isa = PBXFileReference; explicitFileType = archive.ar; includeInIndex = 0; path = "libPods-peojUITests.a"; sourceTree = BUILT_PRODUCTS_DIR; };
		2D5B516022171A3A008EC797 /* SplashScreenViewController.h */ = {isa = PBXFileReference; fileEncoding = 4; lastKnownFileType = sourcecode.c.h; path = SplashScreenViewController.h; sourceTree = "<group>"; };
		2D5B516122171A3A008EC797 /* SplashScreenViewController.m */ = {isa = PBXFileReference; fileEncoding = 4; lastKnownFileType = sourcecode.c.objc; path = SplashScreenViewController.m; sourceTree = "<group>"; };
		2D5B51692236AAB4008EC797 /* Drugi.h */ = {isa = PBXFileReference; fileEncoding = 4; lastKnownFileType = sourcecode.c.h; path = Drugi.h; sourceTree = "<group>"; };
		2DEF639B21E4E6B200E8243C /* peoj.app */ = {isa = PBXFileReference; explicitFileType = wrapper.application; includeInIndex = 0; path = peoj.app; sourceTree = BUILT_PRODUCTS_DIR; };
		2DEF639F21E4E6B200E8243C /* main.m */ = {isa = PBXFileReference; lastKnownFileType = sourcecode.c.objc; path = main.m; sourceTree = "<group>"; };
		2DEF63A121E4E6B200E8243C /* AppDelegate.h */ = {isa = PBXFileReference; lastKnownFileType = sourcecode.c.h; path = AppDelegate.h; sourceTree = "<group>"; };
		2DEF63A221E4E6B200E8243C /* AppDelegate.m */ = {isa = PBXFileReference; lastKnownFileType = sourcecode.c.objc; path = AppDelegate.m; sourceTree = "<group>"; };
		2DEF63A421E4E6B200E8243C /* ViewController.h */ = {isa = PBXFileReference; lastKnownFileType = sourcecode.c.h; path = ViewController.h; sourceTree = "<group>"; };
		2DEF63A521E4E6B200E8243C /* ViewController.m */ = {isa = PBXFileReference; lastKnownFileType = sourcecode.c.objc; path = ViewController.m; sourceTree = "<group>"; };
		2DEF63A821E4E6B200E8243C /* Base */ = {isa = PBXFileReference; lastKnownFileType = file.storyboard; name = Base; path = Base.lproj/Main.storyboard; sourceTree = "<group>"; };
		2DEF63AB21E4E6B200E8243C /* peoj.xcdatamodel */ = {isa = PBXFileReference; lastKnownFileType = wrapper.xcdatamodel; path = peoj.xcdatamodel; sourceTree = "<group>"; };
		2DEF63AD21E4E6B200E8243C /* Assets.xcassets */ = {isa = PBXFileReference; lastKnownFileType = folder.assetcatalog; path = Assets.xcassets; sourceTree = "<group>"; };
		2DEF63B021E4E6B200E8243C /* Base */ = {isa = PBXFileReference; lastKnownFileType = file.storyboard; name = Base; path = Base.lproj/LaunchScreen.storyboard; sourceTree = "<group>"; };
		2DEF63B221E4E6B200E8243C /* Info.plist */ = {isa = PBXFileReference; lastKnownFileType = text.plist.xml; path = Info.plist; sourceTree = "<group>"; };
		2DEF63B721E4E6B200E8243C /* peojTests.xctest */ = {isa = PBXFileReference; explicitFileType = wrapper.cfbundle; includeInIndex = 0; path = peojTests.xctest; sourceTree = BUILT_PRODUCTS_DIR; };
		2DEF63BB21E4E6B200E8243C /* peojTests.m */ = {isa = PBXFileReference; lastKnownFileType = sourcecode.c.objc; path = peojTests.m; sourceTree = "<group>"; };
		2DEF63BD21E4E6B200E8243C /* Info.plist */ = {isa = PBXFileReference; lastKnownFileType = text.plist.xml; path = Info.plist; sourceTree = "<group>"; };
		2DEF63C221E4E6B200E8243C /* peojUITests.xctest */ = {isa = PBXFileReference; explicitFileType = wrapper.cfbundle; includeInIndex = 0; path = peojUITests.xctest; sourceTree = BUILT_PRODUCTS_DIR; };
		2DEF63C621E4E6B200E8243C /* peojUITests.m */ = {isa = PBXFileReference; lastKnownFileType = sourcecode.c.objc; path = peojUITests.m; sourceTree = "<group>"; };
		2DEF63C821E4E6B200E8243C /* Info.plist */ = {isa = PBXFileReference; lastKnownFileType = text.plist.xml; path = Info.plist; sourceTree = "<group>"; };
		3F01CAC62270527000FF6012 /* User.h */ = {isa = PBXFileReference; lastKnownFileType = sourcecode.c.h; path = User.h; sourceTree = "<group>"; };
		3F01CAC72270527000FF6012 /* User.m */ = {isa = PBXFileReference; lastKnownFileType = sourcecode.c.objc; path = User.m; sourceTree = "<group>"; };
		3F05A30522817E7A0098E80D /* NavigationBar.h */ = {isa = PBXFileReference; lastKnownFileType = sourcecode.c.h; path = NavigationBar.h; sourceTree = "<group>"; };
		3F05A30622817E7A0098E80D /* NavigationBar.m */ = {isa = PBXFileReference; lastKnownFileType = sourcecode.c.objc; path = NavigationBar.m; sourceTree = "<group>"; };
		3F05A30822817E8A0098E80D /* View.xib */ = {isa = PBXFileReference; lastKnownFileType = file.xib; path = View.xib; sourceTree = "<group>"; };
		3F05A30C2281956B0098E80D /* BaseViewController.h */ = {isa = PBXFileReference; lastKnownFileType = sourcecode.c.h; path = BaseViewController.h; sourceTree = "<group>"; };
		3F05A30D2281956B0098E80D /* BaseViewController.m */ = {isa = PBXFileReference; lastKnownFileType = sourcecode.c.objc; path = BaseViewController.m; sourceTree = "<group>"; };
		3F626BEE2271DECF00A1B9C1 /* UserManager.h */ = {isa = PBXFileReference; lastKnownFileType = sourcecode.c.h; path = UserManager.h; sourceTree = "<group>"; };
		3F626BEF2271DECF00A1B9C1 /* UserManager.m */ = {isa = PBXFileReference; lastKnownFileType = sourcecode.c.objc; path = UserManager.m; sourceTree = "<group>"; };
		3F64E89A2269F86100A89DF4 /* Drugi.m */ = {isa = PBXFileReference; lastKnownFileType = sourcecode.c.objc; path = Drugi.m; sourceTree = "<group>"; };
		3F68AFA2227835B3006A93F3 /* GetRegistred.h */ = {isa = PBXFileReference; lastKnownFileType = sourcecode.c.h; path = GetRegistred.h; sourceTree = "<group>"; };
		3F68AFA3227835B3006A93F3 /* GetRegistred.m */ = {isa = PBXFileReference; lastKnownFileType = sourcecode.c.objc; path = GetRegistred.m; sourceTree = "<group>"; };
		3F6C8C2F226F177200C5239C /* CommentTableViewCell.h */ = {isa = PBXFileReference; lastKnownFileType = sourcecode.c.h; path = CommentTableViewCell.h; sourceTree = "<group>"; };
		3F6C8C30226F177200C5239C /* CommentTableViewCell.m */ = {isa = PBXFileReference; lastKnownFileType = sourcecode.c.objc; path = CommentTableViewCell.m; sourceTree = "<group>"; };
		3F6C8C31226F177200C5239C /* CommentTableViewCell.xib */ = {isa = PBXFileReference; lastKnownFileType = file.xib; path = CommentTableViewCell.xib; sourceTree = "<group>"; };
		3FA43CD62271ACF100107E87 /* NewsManager.h */ = {isa = PBXFileReference; lastKnownFileType = sourcecode.c.h; path = NewsManager.h; sourceTree = "<group>"; };
		3FA43CD72271ACF100107E87 /* NewsManager.m */ = {isa = PBXFileReference; lastKnownFileType = sourcecode.c.objc; path = NewsManager.m; sourceTree = "<group>"; };
		3FAD6DD622686CCA00C21C14 /* PrefixHeader.pch */ = {isa = PBXFileReference; lastKnownFileType = sourcecode.c.h; path = PrefixHeader.pch; sourceTree = "<group>"; };
		3FAD6DD72268710C00C21C14 /* Konstante.h */ = {isa = PBXFileReference; lastKnownFileType = sourcecode.c.h; path = Konstante.h; sourceTree = "<group>"; };
		3FBB4281226DAA58000D4791 /* Cetvrti.h */ = {isa = PBXFileReference; lastKnownFileType = sourcecode.c.h; path = Cetvrti.h; sourceTree = "<group>"; };
		3FBB4282226DAA58000D4791 /* Cetvrti.m */ = {isa = PBXFileReference; lastKnownFileType = sourcecode.c.objc; path = Cetvrti.m; sourceTree = "<group>"; };
		3FE090A92282DBE400F3B0D7 /* PRAZANViewController.h */ = {isa = PBXFileReference; lastKnownFileType = sourcecode.c.h; path = PRAZANViewController.h; sourceTree = "<group>"; };
		3FE090AA2282DBE400F3B0D7 /* PRAZANViewController.m */ = {isa = PBXFileReference; lastKnownFileType = sourcecode.c.objc; path = PRAZANViewController.m; sourceTree = "<group>"; };
		3FECC9D22267307F003921DF /* TreciViewController.h */ = {isa = PBXFileReference; lastKnownFileType = sourcecode.c.h; path = TreciViewController.h; sourceTree = "<group>"; };
		3FECC9D32267307F003921DF /* TreciViewController.m */ = {isa = PBXFileReference; lastKnownFileType = sourcecode.c.objc; path = TreciViewController.m; sourceTree = "<group>"; };
		3FFD5E5B226893F4004AC002 /* Comments.h */ = {isa = PBXFileReference; lastKnownFileType = sourcecode.c.h; path = Comments.h; sourceTree = "<group>"; };
		3FFD5E5C226893F4004AC002 /* Comments.m */ = {isa = PBXFileReference; lastKnownFileType = sourcecode.c.objc; path = Comments.m; sourceTree = "<group>"; };
		4845DCEB45F824BC6D586AED /* libPods-peoj.a */ = {isa = PBXFileReference; explicitFileType = archive.ar; includeInIndex = 0; path = "libPods-peoj.a"; sourceTree = BUILT_PRODUCTS_DIR; };
		4AF66EBCD2801B39CC16F38E /* Pods-peoj.release.xcconfig */ = {isa = PBXFileReference; includeInIndex = 1; lastKnownFileType = text.xcconfig; name = "Pods-peoj.release.xcconfig"; path = "Pods/Target Support Files/Pods-peoj/Pods-peoj.release.xcconfig"; sourceTree = "<group>"; };
		DD1E99903A9CDA24C59986E0 /* Pods-peoj.debug.xcconfig */ = {isa = PBXFileReference; includeInIndex = 1; lastKnownFileType = text.xcconfig; name = "Pods-peoj.debug.xcconfig"; path = "Pods/Target Support Files/Pods-peoj/Pods-peoj.debug.xcconfig"; sourceTree = "<group>"; };
/* End PBXFileReference section */

/* Begin PBXFrameworksBuildPhase section */
		2DEF639821E4E6B200E8243C /* Frameworks */ = {
			isa = PBXFrameworksBuildPhase;
			buildActionMask = 2147483647;
			files = (
				919BF6099B1BB7EF8A1EE1F5 /* libPods-peoj.a in Frameworks */,
			);
			runOnlyForDeploymentPostprocessing = 0;
		};
		2DEF63B421E4E6B200E8243C /* Frameworks */ = {
			isa = PBXFrameworksBuildPhase;
			buildActionMask = 2147483647;
			files = (
			);
			runOnlyForDeploymentPostprocessing = 0;
		};
		2DEF63BF21E4E6B200E8243C /* Frameworks */ = {
			isa = PBXFrameworksBuildPhase;
			buildActionMask = 2147483647;
			files = (
			);
			runOnlyForDeploymentPostprocessing = 0;
		};
/* End PBXFrameworksBuildPhase section */

/* Begin PBXGroup section */
		2DEF639221E4E6B200E8243C = {
			isa = PBXGroup;
			children = (
				3FECC9D22267307F003921DF /* TreciViewController.h */,
				3FECC9D32267307F003921DF /* TreciViewController.m */,
				3F68AFA2227835B3006A93F3 /* GetRegistred.h */,
				3F68AFA3227835B3006A93F3 /* GetRegistred.m */,
				2D5B51692236AAB4008EC797 /* Drugi.h */,
				3F64E89A2269F86100A89DF4 /* Drugi.m */,
				3FBB4282226DAA58000D4791 /* Cetvrti.m */,
				3FBB4281226DAA58000D4791 /* Cetvrti.h */,
				2D5B516122171A3A008EC797 /* SplashScreenViewController.m */,
				2D5B516022171A3A008EC797 /* SplashScreenViewController.h */,
				2DEF639D21E4E6B200E8243C /* peoj */,
				2DEF63BA21E4E6B200E8243C /* peojTests */,
				2DEF63C521E4E6B200E8243C /* peojUITests */,
				2DEF639C21E4E6B200E8243C /* Products */,
				83A01B70F0DAFF056FE04149 /* Pods */,
				B946106A3378B6377A87860C /* Frameworks */,
			);
			sourceTree = "<group>";
		};
		2DEF639C21E4E6B200E8243C /* Products */ = {
			isa = PBXGroup;
			children = (
				2DEF639B21E4E6B200E8243C /* peoj.app */,
				2DEF63B721E4E6B200E8243C /* peojTests.xctest */,
				2DEF63C221E4E6B200E8243C /* peojUITests.xctest */,
			);
			name = Products;
			sourceTree = "<group>";
		};
		2DEF639D21E4E6B200E8243C /* peoj */ = {
			isa = PBXGroup;
			children = (
				3FA43CD52271ACC500107E87 /* Managers */,
				3F05A30422817D690098E80D /* Navigation Bar */,
				3F6C8C2E226F173500C5239C /* Comment Table View Cell */,
				2DEF63A121E4E6B200E8243C /* AppDelegate.h */,
				2DEF63A221E4E6B200E8243C /* AppDelegate.m */,
				2DEF63A421E4E6B200E8243C /* ViewController.h */,
				2DEF63A521E4E6B200E8243C /* ViewController.m */,
				3F01CAC22270516F00FF6012 /* some */,
				2DEF63A721E4E6B200E8243C /* Main.storyboard */,
				2DEF63AD21E4E6B200E8243C /* Assets.xcassets */,
				2DEF63AF21E4E6B200E8243C /* LaunchScreen.storyboard */,
				2DEF63B221E4E6B200E8243C /* Info.plist */,
				2DEF63AA21E4E6B200E8243C /* peoj.xcdatamodeld */,
				2DEF639E21E4E6B200E8243C /* Supporting Files */,
			);
			path = peoj;
			sourceTree = "<group>";
		};
		2DEF639E21E4E6B200E8243C /* Supporting Files */ = {
			isa = PBXGroup;
			children = (
				2DEF639F21E4E6B200E8243C /* main.m */,
			);
			name = "Supporting Files";
			sourceTree = "<group>";
		};
		2DEF63BA21E4E6B200E8243C /* peojTests */ = {
			isa = PBXGroup;
			children = (
				2DEF63BB21E4E6B200E8243C /* peojTests.m */,
				2DEF63BD21E4E6B200E8243C /* Info.plist */,
			);
			path = peojTests;
			sourceTree = "<group>";
		};
		2DEF63C521E4E6B200E8243C /* peojUITests */ = {
			isa = PBXGroup;
			children = (
				2DEF63C621E4E6B200E8243C /* peojUITests.m */,
				2DEF63C821E4E6B200E8243C /* Info.plist */,
			);
			path = peojUITests;
			sourceTree = "<group>";
		};
		3F01CAC22270516F00FF6012 /* some */ = {
			isa = PBXGroup;
			children = (
				3FFD5E5B226893F4004AC002 /* Comments.h */,
				3FFD5E5C226893F4004AC002 /* Comments.m */,
				3F01CAC62270527000FF6012 /* User.h */,
				3F01CAC72270527000FF6012 /* User.m */,
				3FAD6DD622686CCA00C21C14 /* PrefixHeader.pch */,
				3FAD6DD72268710C00C21C14 /* Konstante.h */,
			);
			name = some;
			sourceTree = "<group>";
		};
		3F05A30422817D690098E80D /* Navigation Bar */ = {
			isa = PBXGroup;
			children = (
				3F05A30522817E7A0098E80D /* NavigationBar.h */,
				3F05A30622817E7A0098E80D /* NavigationBar.m */,
				3F05A30822817E8A0098E80D /* View.xib */,
			);
			name = "Navigation Bar";
			sourceTree = "<group>";
		};
		3F6C8C2E226F173500C5239C /* Comment Table View Cell */ = {
			isa = PBXGroup;
			children = (
				3F6C8C30226F177200C5239C /* CommentTableViewCell.m */,
				3F6C8C31226F177200C5239C /* CommentTableViewCell.xib */,
				3F6C8C2F226F177200C5239C /* CommentTableViewCell.h */,
				3F05A30C2281956B0098E80D /* BaseViewController.h */,
				3F05A30D2281956B0098E80D /* BaseViewController.m */,
				3FE090A92282DBE400F3B0D7 /* PRAZANViewController.h */,
				3FE090AA2282DBE400F3B0D7 /* PRAZANViewController.m */,
			);
			name = "Comment Table View Cell";
			sourceTree = "<group>";
		};
		3FA43CD52271ACC500107E87 /* Managers */ = {
			isa = PBXGroup;
			children = (
				3FA43CD62271ACF100107E87 /* NewsManager.h */,
				3FA43CD72271ACF100107E87 /* NewsManager.m */,
				3F626BEE2271DECF00A1B9C1 /* UserManager.h */,
				3F626BEF2271DECF00A1B9C1 /* UserManager.m */,
			);
			name = Managers;
			sourceTree = "<group>";
		};
		83A01B70F0DAFF056FE04149 /* Pods */ = {
			isa = PBXGroup;
			children = (
				DD1E99903A9CDA24C59986E0 /* Pods-peoj.debug.xcconfig */,
				4AF66EBCD2801B39CC16F38E /* Pods-peoj.release.xcconfig */,
			);
			name = Pods;
			sourceTree = "<group>";
		};
		B946106A3378B6377A87860C /* Frameworks */ = {
			isa = PBXGroup;
			children = (
				4845DCEB45F824BC6D586AED /* libPods-peoj.a */,
				12F4035E1757D72A344EA091 /* libPods-peojTests.a */,
				1B10E3EDE876F06BF8D7D648 /* libPods-peojUITests.a */,
			);
			name = Frameworks;
			sourceTree = "<group>";
		};
/* End PBXGroup section */

/* Begin PBXNativeTarget section */
		2DEF639A21E4E6B200E8243C /* peoj */ = {
			isa = PBXNativeTarget;
			buildConfigurationList = 2DEF63CB21E4E6B200E8243C /* Build configuration list for PBXNativeTarget "peoj" */;
			buildPhases = (
				56955F3C99D4C449920CFCEB /* [CP] Check Pods Manifest.lock */,
				2DEF639721E4E6B200E8243C /* Sources */,
				2DEF639821E4E6B200E8243C /* Frameworks */,
				2DEF639921E4E6B200E8243C /* Resources */,
			);
			buildRules = (
			);
			dependencies = (
			);
			name = peoj;
			productName = peoj;
			productReference = 2DEF639B21E4E6B200E8243C /* peoj.app */;
			productType = "com.apple.product-type.application";
		};
		2DEF63B621E4E6B200E8243C /* peojTests */ = {
			isa = PBXNativeTarget;
			buildConfigurationList = 2DEF63CE21E4E6B200E8243C /* Build configuration list for PBXNativeTarget "peojTests" */;
			buildPhases = (
				2DEF63B321E4E6B200E8243C /* Sources */,
				2DEF63B421E4E6B200E8243C /* Frameworks */,
				2DEF63B521E4E6B200E8243C /* Resources */,
			);
			buildRules = (
			);
			dependencies = (
				2DEF63B921E4E6B200E8243C /* PBXTargetDependency */,
			);
			name = peojTests;
			productName = peojTests;
			productReference = 2DEF63B721E4E6B200E8243C /* peojTests.xctest */;
			productType = "com.apple.product-type.bundle.unit-test";
		};
		2DEF63C121E4E6B200E8243C /* peojUITests */ = {
			isa = PBXNativeTarget;
			buildConfigurationList = 2DEF63D121E4E6B200E8243C /* Build configuration list for PBXNativeTarget "peojUITests" */;
			buildPhases = (
				2DEF63BE21E4E6B200E8243C /* Sources */,
				2DEF63BF21E4E6B200E8243C /* Frameworks */,
				2DEF63C021E4E6B200E8243C /* Resources */,
			);
			buildRules = (
			);
			dependencies = (
				2DEF63C421E4E6B200E8243C /* PBXTargetDependency */,
			);
			name = peojUITests;
			productName = peojUITests;
			productReference = 2DEF63C221E4E6B200E8243C /* peojUITests.xctest */;
			productType = "com.apple.product-type.bundle.ui-testing";
		};
/* End PBXNativeTarget section */

/* Begin PBXProject section */
		2DEF639321E4E6B200E8243C /* Project object */ = {
			isa = PBXProject;
			attributes = {
				LastUpgradeCheck = 1020;
				ORGANIZATIONNAME = crazy;
				TargetAttributes = {
					2DEF639A21E4E6B200E8243C = {
						CreatedOnToolsVersion = 8.3.3;
						ProvisioningStyle = Automatic;
					};
					2DEF63B621E4E6B200E8243C = {
						CreatedOnToolsVersion = 8.3.3;
						ProvisioningStyle = Automatic;
						TestTargetID = 2DEF639A21E4E6B200E8243C;
					};
					2DEF63C121E4E6B200E8243C = {
						CreatedOnToolsVersion = 8.3.3;
						ProvisioningStyle = Automatic;
						TestTargetID = 2DEF639A21E4E6B200E8243C;
					};
				};
			};
			buildConfigurationList = 2DEF639621E4E6B200E8243C /* Build configuration list for PBXProject "peoj" */;
			compatibilityVersion = "Xcode 3.2";
			developmentRegion = en;
			hasScannedForEncodings = 0;
			knownRegions = (
				en,
				Base,
			);
			mainGroup = 2DEF639221E4E6B200E8243C;
			productRefGroup = 2DEF639C21E4E6B200E8243C /* Products */;
			projectDirPath = "";
			projectRoot = "";
			targets = (
				2DEF639A21E4E6B200E8243C /* peoj */,
				2DEF63B621E4E6B200E8243C /* peojTests */,
				2DEF63C121E4E6B200E8243C /* peojUITests */,
			);
		};
/* End PBXProject section */

/* Begin PBXResourcesBuildPhase section */
		2DEF639921E4E6B200E8243C /* Resources */ = {
			isa = PBXResourcesBuildPhase;
			buildActionMask = 2147483647;
			files = (
				2DEF63B121E4E6B200E8243C /* LaunchScreen.storyboard in Resources */,
				3F05A30922817E8A0098E80D /* View.xib in Resources */,
				2DEF63AE21E4E6B200E8243C /* Assets.xcassets in Resources */,
				2DEF63A921E4E6B200E8243C /* Main.storyboard in Resources */,
				3F6C8C33226F177200C5239C /* CommentTableViewCell.xib in Resources */,
			);
			runOnlyForDeploymentPostprocessing = 0;
		};
		2DEF63B521E4E6B200E8243C /* Resources */ = {
			isa = PBXResourcesBuildPhase;
			buildActionMask = 2147483647;
			files = (
			);
			runOnlyForDeploymentPostprocessing = 0;
		};
		2DEF63C021E4E6B200E8243C /* Resources */ = {
			isa = PBXResourcesBuildPhase;
			buildActionMask = 2147483647;
			files = (
			);
			runOnlyForDeploymentPostprocessing = 0;
		};
/* End PBXResourcesBuildPhase section */

/* Begin PBXShellScriptBuildPhase section */
		56955F3C99D4C449920CFCEB /* [CP] Check Pods Manifest.lock */ = {
			isa = PBXShellScriptBuildPhase;
			buildActionMask = 2147483647;
			files = (
			);
			inputPaths = (
				"${PODS_PODFILE_DIR_PATH}/Podfile.lock",
				"${PODS_ROOT}/Manifest.lock",
			);
			name = "[CP] Check Pods Manifest.lock";
			outputPaths = (
				"$(DERIVED_FILE_DIR)/Pods-peoj-checkManifestLockResult.txt",
			);
			runOnlyForDeploymentPostprocessing = 0;
			shellPath = /bin/sh;
			shellScript = "diff \"${PODS_PODFILE_DIR_PATH}/Podfile.lock\" \"${PODS_ROOT}/Manifest.lock\" > /dev/null\nif [ $? != 0 ] ; then\n    # print error to STDERR\n    echo \"error: The sandbox is not in sync with the Podfile.lock. Run 'pod install' or update your CocoaPods installation.\" >&2\n    exit 1\nfi\n# This output is used by Xcode 'outputs' to avoid re-running this script phase.\necho \"SUCCESS\" > \"${SCRIPT_OUTPUT_FILE_0}\"\n";
			showEnvVarsInLog = 0;
		};
/* End PBXShellScriptBuildPhase section */

/* Begin PBXSourcesBuildPhase section */
		2DEF639721E4E6B200E8243C /* Sources */ = {
			isa = PBXSourcesBuildPhase;
			buildActionMask = 2147483647;
			files = (
				3F626BF02271DECF00A1B9C1 /* UserManager.m in Sources */,
				2DEF63A621E4E6B200E8243C /* ViewController.m in Sources */,
				2DEF63A321E4E6B200E8243C /* AppDelegate.m in Sources */,
				3F64E89B2269F86100A89DF4 /* Drugi.m in Sources */,
				2D5B516222171A3A008EC797 /* SplashScreenViewController.m in Sources */,
				3FFD5E5D226893F4004AC002 /* Comments.m in Sources */,
				3FBB4283226DAA58000D4791 /* Cetvrti.m in Sources */,
				3F05A30722817E7A0098E80D /* NavigationBar.m in Sources */,
				3F01CAC82270527000FF6012 /* User.m in Sources */,
				3F05A30E2281956B0098E80D /* BaseViewController.m in Sources */,
				3F6C8C32226F177200C5239C /* CommentTableViewCell.m in Sources */,
				3FE090AB2282DBE400F3B0D7 /* PRAZANViewController.m in Sources */,
				3FA43CD82271ACF100107E87 /* NewsManager.m in Sources */,
				3F68AFA4227835B3006A93F3 /* GetRegistred.m in Sources */,
				3FECC9D42267307F003921DF /* TreciViewController.m in Sources */,
				2DEF63A021E4E6B200E8243C /* main.m in Sources */,
				2DEF63AC21E4E6B200E8243C /* peoj.xcdatamodeld in Sources */,
			);
			runOnlyForDeploymentPostprocessing = 0;
		};
		2DEF63B321E4E6B200E8243C /* Sources */ = {
			isa = PBXSourcesBuildPhase;
			buildActionMask = 2147483647;
			files = (
				2DEF63BC21E4E6B200E8243C /* peojTests.m in Sources */,
			);
			runOnlyForDeploymentPostprocessing = 0;
		};
		2DEF63BE21E4E6B200E8243C /* Sources */ = {
			isa = PBXSourcesBuildPhase;
			buildActionMask = 2147483647;
			files = (
				2DEF63C721E4E6B200E8243C /* peojUITests.m in Sources */,
			);
			runOnlyForDeploymentPostprocessing = 0;
		};
/* End PBXSourcesBuildPhase section */

/* Begin PBXTargetDependency section */
		2DEF63B921E4E6B200E8243C /* PBXTargetDependency */ = {
			isa = PBXTargetDependency;
			target = 2DEF639A21E4E6B200E8243C /* peoj */;
			targetProxy = 2DEF63B821E4E6B200E8243C /* PBXContainerItemProxy */;
		};
		2DEF63C421E4E6B200E8243C /* PBXTargetDependency */ = {
			isa = PBXTargetDependency;
			target = 2DEF639A21E4E6B200E8243C /* peoj */;
			targetProxy = 2DEF63C321E4E6B200E8243C /* PBXContainerItemProxy */;
		};
/* End PBXTargetDependency section */

/* Begin PBXVariantGroup section */
		2DEF63A721E4E6B200E8243C /* Main.storyboard */ = {
			isa = PBXVariantGroup;
			children = (
				2DEF63A821E4E6B200E8243C /* Base */,
			);
			name = Main.storyboard;
			sourceTree = "<group>";
		};
		2DEF63AF21E4E6B200E8243C /* LaunchScreen.storyboard */ = {
			isa = PBXVariantGroup;
			children = (
				2DEF63B021E4E6B200E8243C /* Base */,
			);
			name = LaunchScreen.storyboard;
			sourceTree = "<group>";
		};
/* End PBXVariantGroup section */

/* Begin XCBuildConfiguration section */
		2DEF63C921E4E6B200E8243C /* Debug */ = {
			isa = XCBuildConfiguration;
			buildSettings = {
				ALWAYS_SEARCH_USER_PATHS = NO;
				CLANG_ANALYZER_LOCALIZABILITY_NONLOCALIZED = YES;
				CLANG_ANALYZER_NONNULL = YES;
				CLANG_ANALYZER_NUMBER_OBJECT_CONVERSION = YES_AGGRESSIVE;
				CLANG_CXX_LANGUAGE_STANDARD = "gnu++0x";
				CLANG_CXX_LIBRARY = "libc++";
				CLANG_ENABLE_MODULES = YES;
				CLANG_ENABLE_OBJC_ARC = YES;
				CLANG_WARN_BLOCK_CAPTURE_AUTORELEASING = YES;
				CLANG_WARN_BOOL_CONVERSION = YES;
				CLANG_WARN_COMMA = YES;
				CLANG_WARN_CONSTANT_CONVERSION = YES;
				CLANG_WARN_DEPRECATED_OBJC_IMPLEMENTATIONS = YES;
				CLANG_WARN_DIRECT_OBJC_ISA_USAGE = YES_ERROR;
				CLANG_WARN_DOCUMENTATION_COMMENTS = YES;
				CLANG_WARN_EMPTY_BODY = YES;
				CLANG_WARN_ENUM_CONVERSION = YES;
				CLANG_WARN_INFINITE_RECURSION = YES;
				CLANG_WARN_INT_CONVERSION = YES;
				CLANG_WARN_NON_LITERAL_NULL_CONVERSION = YES;
				CLANG_WARN_OBJC_IMPLICIT_RETAIN_SELF = YES;
				CLANG_WARN_OBJC_LITERAL_CONVERSION = YES;
				CLANG_WARN_OBJC_ROOT_CLASS = YES_ERROR;
				CLANG_WARN_RANGE_LOOP_ANALYSIS = YES;
				CLANG_WARN_STRICT_PROTOTYPES = YES;
				CLANG_WARN_SUSPICIOUS_MOVE = YES;
				CLANG_WARN_UNREACHABLE_CODE = YES;
				CLANG_WARN__DUPLICATE_METHOD_MATCH = YES;
				"CODE_SIGN_IDENTITY[sdk=iphoneos*]" = "iPhone Developer";
				COPY_PHASE_STRIP = NO;
				DEBUG_INFORMATION_FORMAT = dwarf;
				ENABLE_STRICT_OBJC_MSGSEND = YES;
				ENABLE_TESTABILITY = YES;
				GCC_C_LANGUAGE_STANDARD = gnu99;
				GCC_DYNAMIC_NO_PIC = NO;
				GCC_NO_COMMON_BLOCKS = YES;
				GCC_OPTIMIZATION_LEVEL = 0;
				GCC_PREFIX_HEADER = peoj/PrefixHeader.pch;
				GCC_PREPROCESSOR_DEFINITIONS = (
					"DEBUG=1",
					"$(inherited)",
				);
				GCC_WARN_64_TO_32_BIT_CONVERSION = YES;
				GCC_WARN_ABOUT_RETURN_TYPE = YES_ERROR;
				GCC_WARN_UNDECLARED_SELECTOR = YES;
				GCC_WARN_UNINITIALIZED_AUTOS = YES_AGGRESSIVE;
				GCC_WARN_UNUSED_FUNCTION = YES;
				GCC_WARN_UNUSED_VARIABLE = YES;
				IPHONEOS_DEPLOYMENT_TARGET = 10.3;
				MTL_ENABLE_DEBUG_INFO = YES;
				ONLY_ACTIVE_ARCH = YES;
				SDKROOT = iphoneos;
			};
			name = Debug;
		};
		2DEF63CA21E4E6B200E8243C /* Release */ = {
			isa = XCBuildConfiguration;
			buildSettings = {
				ALWAYS_SEARCH_USER_PATHS = NO;
				CLANG_ANALYZER_LOCALIZABILITY_NONLOCALIZED = YES;
				CLANG_ANALYZER_NONNULL = YES;
				CLANG_ANALYZER_NUMBER_OBJECT_CONVERSION = YES_AGGRESSIVE;
				CLANG_CXX_LANGUAGE_STANDARD = "gnu++0x";
				CLANG_CXX_LIBRARY = "libc++";
				CLANG_ENABLE_MODULES = YES;
				CLANG_ENABLE_OBJC_ARC = YES;
				CLANG_WARN_BLOCK_CAPTURE_AUTORELEASING = YES;
				CLANG_WARN_BOOL_CONVERSION = YES;
				CLANG_WARN_COMMA = YES;
				CLANG_WARN_CONSTANT_CONVERSION = YES;
				CLANG_WARN_DEPRECATED_OBJC_IMPLEMENTATIONS = YES;
				CLANG_WARN_DIRECT_OBJC_ISA_USAGE = YES_ERROR;
				CLANG_WARN_DOCUMENTATION_COMMENTS = YES;
				CLANG_WARN_EMPTY_BODY = YES;
				CLANG_WARN_ENUM_CONVERSION = YES;
				CLANG_WARN_INFINITE_RECURSION = YES;
				CLANG_WARN_INT_CONVERSION = YES;
				CLANG_WARN_NON_LITERAL_NULL_CONVERSION = YES;
				CLANG_WARN_OBJC_IMPLICIT_RETAIN_SELF = YES;
				CLANG_WARN_OBJC_LITERAL_CONVERSION = YES;
				CLANG_WARN_OBJC_ROOT_CLASS = YES_ERROR;
				CLANG_WARN_RANGE_LOOP_ANALYSIS = YES;
				CLANG_WARN_STRICT_PROTOTYPES = YES;
				CLANG_WARN_SUSPICIOUS_MOVE = YES;
				CLANG_WARN_UNREACHABLE_CODE = YES;
				CLANG_WARN__DUPLICATE_METHOD_MATCH = YES;
				"CODE_SIGN_IDENTITY[sdk=iphoneos*]" = "iPhone Developer";
				COPY_PHASE_STRIP = NO;
				DEBUG_INFORMATION_FORMAT = "dwarf-with-dsym";
				ENABLE_NS_ASSERTIONS = NO;
				ENABLE_STRICT_OBJC_MSGSEND = YES;
				GCC_C_LANGUAGE_STANDARD = gnu99;
				GCC_NO_COMMON_BLOCKS = YES;
				GCC_PREFIX_HEADER = peoj/PrefixHeader.pch;
				GCC_WARN_64_TO_32_BIT_CONVERSION = YES;
				GCC_WARN_ABOUT_RETURN_TYPE = YES_ERROR;
				GCC_WARN_UNDECLARED_SELECTOR = YES;
				GCC_WARN_UNINITIALIZED_AUTOS = YES_AGGRESSIVE;
				GCC_WARN_UNUSED_FUNCTION = YES;
				GCC_WARN_UNUSED_VARIABLE = YES;
				IPHONEOS_DEPLOYMENT_TARGET = 10.3;
				MTL_ENABLE_DEBUG_INFO = NO;
				SDKROOT = iphoneos;
				VALIDATE_PRODUCT = YES;
			};
			name = Release;
		};
		2DEF63CC21E4E6B200E8243C /* Debug */ = {
			isa = XCBuildConfiguration;
			baseConfigurationReference = DD1E99903A9CDA24C59986E0 /* Pods-peoj.debug.xcconfig */;
			buildSettings = {
				ASSETCATALOG_COMPILER_APPICON_NAME = AppIcon;
				CODE_SIGN_IDENTITY = "iPhone Developer";
				CODE_SIGN_STYLE = Automatic;
				DEVELOPMENT_TEAM = "";
				INFOPLIST_FILE = peoj/Info.plist;
				LD_RUNPATH_SEARCH_PATHS = "$(inherited) @executable_path/Frameworks";
				PRODUCT_BUNDLE_IDENTIFIER = com.mycompany.peoj;
				PRODUCT_NAME = "$(TARGET_NAME)";
				PROVISIONING_PROFILE_SPECIFIER = "";
			};
			name = Debug;
		};
		2DEF63CD21E4E6B200E8243C /* Release */ = {
			isa = XCBuildConfiguration;
			baseConfigurationReference = 4AF66EBCD2801B39CC16F38E /* Pods-peoj.release.xcconfig */;
			buildSettings = {
				ASSETCATALOG_COMPILER_APPICON_NAME = AppIcon;
				CODE_SIGN_IDENTITY = "iPhone Developer";
				CODE_SIGN_STYLE = Automatic;
				DEVELOPMENT_TEAM = "";
				INFOPLIST_FILE = peoj/Info.plist;
				LD_RUNPATH_SEARCH_PATHS = "$(inherited) @executable_path/Frameworks";
				PRODUCT_BUNDLE_IDENTIFIER = com.mycompany.peoj;
				PRODUCT_NAME = "$(TARGET_NAME)";
				PROVISIONING_PROFILE_SPECIFIER = "";
			};
			name = Release;
		};
		2DEF63CF21E4E6B200E8243C /* Debug */ = {
			isa = XCBuildConfiguration;
			buildSettings = {
				BUNDLE_LOADER = "$(TEST_HOST)";
				INFOPLIST_FILE = peojTests/Info.plist;
				LD_RUNPATH_SEARCH_PATHS = "$(inherited) @executable_path/Frameworks @loader_path/Frameworks";
				PRODUCT_BUNDLE_IDENTIFIER = com.mycompany.peojTests;
				PRODUCT_NAME = "$(TARGET_NAME)";
				TEST_HOST = "$(BUILT_PRODUCTS_DIR)/peoj.app/peoj";
			};
			name = Debug;
		};
		2DEF63D021E4E6B200E8243C /* Release */ = {
			isa = XCBuildConfiguration;
			buildSettings = {
				BUNDLE_LOADER = "$(TEST_HOST)";
				INFOPLIST_FILE = peojTests/Info.plist;
				LD_RUNPATH_SEARCH_PATHS = "$(inherited) @executable_path/Frameworks @loader_path/Frameworks";
				PRODUCT_BUNDLE_IDENTIFIER = com.mycompany.peojTests;
				PRODUCT_NAME = "$(TARGET_NAME)";
				TEST_HOST = "$(BUILT_PRODUCTS_DIR)/peoj.app/peoj";
			};
			name = Release;
		};
		2DEF63D221E4E6B200E8243C /* Debug */ = {
			isa = XCBuildConfiguration;
			buildSettings = {
				INFOPLIST_FILE = peojUITests/Info.plist;
				LD_RUNPATH_SEARCH_PATHS = "$(inherited) @executable_path/Frameworks @loader_path/Frameworks";
				PRODUCT_BUNDLE_IDENTIFIER = com.mycompany.peojUITests;
				PRODUCT_NAME = "$(TARGET_NAME)";
				TEST_TARGET_NAME = peoj;
			};
			name = Debug;
		};
		2DEF63D321E4E6B200E8243C /* Release */ = {
			isa = XCBuildConfiguration;
			buildSettings = {
				INFOPLIST_FILE = peojUITests/Info.plist;
				LD_RUNPATH_SEARCH_PATHS = "$(inherited) @executable_path/Frameworks @loader_path/Frameworks";
				PRODUCT_BUNDLE_IDENTIFIER = com.mycompany.peojUITests;
				PRODUCT_NAME = "$(TARGET_NAME)";
				TEST_TARGET_NAME = peoj;
			};
			name = Release;
		};
/* End XCBuildConfiguration section */

/* Begin XCConfigurationList section */
		2DEF639621E4E6B200E8243C /* Build configuration list for PBXProject "peoj" */ = {
			isa = XCConfigurationList;
			buildConfigurations = (
				2DEF63C921E4E6B200E8243C /* Debug */,
				2DEF63CA21E4E6B200E8243C /* Release */,
			);
			defaultConfigurationIsVisible = 0;
			defaultConfigurationName = Release;
		};
		2DEF63CB21E4E6B200E8243C /* Build configuration list for PBXNativeTarget "peoj" */ = {
			isa = XCConfigurationList;
			buildConfigurations = (
				2DEF63CC21E4E6B200E8243C /* Debug */,
				2DEF63CD21E4E6B200E8243C /* Release */,
			);
			defaultConfigurationIsVisible = 0;
			defaultConfigurationName = Release;
		};
		2DEF63CE21E4E6B200E8243C /* Build configuration list for PBXNativeTarget "peojTests" */ = {
			isa = XCConfigurationList;
			buildConfigurations = (
				2DEF63CF21E4E6B200E8243C /* Debug */,
				2DEF63D021E4E6B200E8243C /* Release */,
			);
			defaultConfigurationIsVisible = 0;
			defaultConfigurationName = Release;
		};
		2DEF63D121E4E6B200E8243C /* Build configuration list for PBXNativeTarget "peojUITests" */ = {
			isa = XCConfigurationList;
			buildConfigurations = (
				2DEF63D221E4E6B200E8243C /* Debug */,
				2DEF63D321E4E6B200E8243C /* Release */,
			);
			defaultConfigurationIsVisible = 0;
			defaultConfigurationName = Release;
		};
/* End XCConfigurationList section */

/* Begin XCVersionGroup section */
		2DEF63AA21E4E6B200E8243C /* peoj.xcdatamodeld */ = {
			isa = XCVersionGroup;
			children = (
				2DEF63AB21E4E6B200E8243C /* peoj.xcdatamodel */,
			);
			currentVersion = 2DEF63AB21E4E6B200E8243C /* peoj.xcdatamodel */;
			path = peoj.xcdatamodeld;
			sourceTree = "<group>";
			versionGroupType = wrapper.xcdatamodel;
		};
/* End XCVersionGroup section */
	};
	rootObject = 2DEF639321E4E6B200E8243C /* Project object */;
}
